{
  "name": "vectorizer",
  "version": "1.0.0",
  "lockfileVersion": 3,
  "requires": true,
  "packages": {
    "": {
      "name": "vectorizer",
      "version": "1.0.0",
      "license": "ISC",
      "dependencies": {
        "@visioncortex/vtracer": "^1.0.0-alpha.3"
      }
    },
    "node_modules/@visioncortex/vtracer": {
      "version": "1.0.0-alpha.3",
      "resolved": "https://registry.npmjs.org/@visioncortex/vtracer/-/vtracer-1.0.0-alpha.3.tgz",
      "integrity": "sha512-82rIJylIXu6dPv4Z0+wjKZVkNsZEdFg4ycDCWytQNuSoYLp31S1iZ+VFJP41+iVUNKmS5wVehwby/brQ91Qikw==",
      "license": "MIT OR Apache-2.0",
      "engines": {
        "node": ">=16"
      }
    }
  }
}
